// !$*UTF8*$!
{
	archiveVersion = 1;
	classes = {
	};
	objectVersion = 50;
	objects = {

/* Begin PBXBuildFile section */
		CE497624258E71CA00377726 /* MapReservationsService.swift in Sources */ = {isa = PBXBuildFile; fileRef = CE497623258E71CA00377726 /* MapReservationsService.swift */; };
		CE497629258E75C700377726 /* AnyTransport.swift in Sources */ = {isa = PBXBuildFile; fileRef = CE497628258E75C700377726 /* AnyTransport.swift */; };
		CE8E51B3258E2A1300CB6461 /* AppDelegate.swift in Sources */ = {isa = PBXBuildFile; fileRef = CE8E51B2258E2A1300CB6461 /* AppDelegate.swift */; };
		CE8E51B7258E2A1300CB6461 /* ViewController.swift in Sources */ = {isa = PBXBuildFile; fileRef = CE8E51B6258E2A1300CB6461 /* ViewController.swift */; };
		CE8E51BA258E2A1300CB6461 /* Main.storyboard in Resources */ = {isa = PBXBuildFile; fileRef = CE8E51B8258E2A1300CB6461 /* Main.storyboard */; };
		CE8E51BC258E2A1600CB6461 /* Assets.xcassets in Resources */ = {isa = PBXBuildFile; fileRef = CE8E51BB258E2A1600CB6461 /* Assets.xcassets */; };
		CE8E51BF258E2A1600CB6461 /* LaunchScreen.storyboard in Resources */ = {isa = PBXBuildFile; fileRef = CE8E51BD258E2A1600CB6461 /* LaunchScreen.storyboard */; };
		CE8E51E4258E2F6B00CB6461 /* Coordinator.swift in Sources */ = {isa = PBXBuildFile; fileRef = CE8E51E3258E2F6B00CB6461 /* Coordinator.swift */; };
		CE8E51E8258E2F9600CB6461 /* AppCoordinator.swift in Sources */ = {isa = PBXBuildFile; fileRef = CE8E51E7258E2F9600CB6461 /* AppCoordinator.swift */; };
		CE8E51F1258E314900CB6461 /* ReservationsListViewController.swift in Sources */ = {isa = PBXBuildFile; fileRef = CE8E51F0258E314900CB6461 /* ReservationsListViewController.swift */; };
		CE8E51F4258E315C00CB6461 /* ReservationsListPresenter.swift in Sources */ = {isa = PBXBuildFile; fileRef = CE8E51F3258E315C00CB6461 /* ReservationsListPresenter.swift */; };
		CE8E51F7258E316A00CB6461 /* ReservationsListModel.swift in Sources */ = {isa = PBXBuildFile; fileRef = CE8E51F6258E316A00CB6461 /* ReservationsListModel.swift */; };
		CE8E51FC258E32DF00CB6461 /* ReservationsModuleFactory.swift in Sources */ = {isa = PBXBuildFile; fileRef = CE8E51FB258E32DF00CB6461 /* ReservationsModuleFactory.swift */; };
		CE8E5200258E32EC00CB6461 /* ReservationsModuleCoordinator.swift in Sources */ = {isa = PBXBuildFile; fileRef = CE8E51FF258E32EC00CB6461 /* ReservationsModuleCoordinator.swift */; };
		CE8E5203258E341600CB6461 /* Reservations.storyboard in Resources */ = {isa = PBXBuildFile; fileRef = CE8E5202258E341600CB6461 /* Reservations.storyboard */; };
		CE8E520F258E3AF100CB6461 /* Ebike.swift in Sources */ = {isa = PBXBuildFile; fileRef = CE8E520E258E3AF100CB6461 /* Ebike.swift */; };
		CE8E5212258E3B3900CB6461 /* Shuttle.swift in Sources */ = {isa = PBXBuildFile; fileRef = CE8E5211258E3B3900CB6461 /* Shuttle.swift */; };
		CE8E5215258E3B7C00CB6461 /* PublicTransport.swift in Sources */ = {isa = PBXBuildFile; fileRef = CE8E5214258E3B7C00CB6461 /* PublicTransport.swift */; };
		CE8E5218258E3BAC00CB6461 /* PublicTransportVehicle.swift in Sources */ = {isa = PBXBuildFile; fileRef = CE8E5217258E3BAC00CB6461 /* PublicTransportVehicle.swift */; };
		CE8E521B258E3BB700CB6461 /* ShuttleVehicle.swift in Sources */ = {isa = PBXBuildFile; fileRef = CE8E521A258E3BB700CB6461 /* ShuttleVehicle.swift */; };
		CE8E521E258E3BC100CB6461 /* EbikeVehicle.swift in Sources */ = {isa = PBXBuildFile; fileRef = CE8E521D258E3BC100CB6461 /* EbikeVehicle.swift */; };
		CE8E522C258E3D8A00CB6461 /* ReservationProtocol.swift in Sources */ = {isa = PBXBuildFile; fileRef = CE8E522B258E3D8A00CB6461 /* ReservationProtocol.swift */; };
		CE8E5231258E4D1300CB6461 /* reservations.json in Resources */ = {isa = PBXBuildFile; fileRef = CE8E5230258E4D1300CB6461 /* reservations.json */; };
/* End PBXBuildFile section */

/* Begin PBXFileReference section */
		CE497623258E71CA00377726 /* MapReservationsService.swift */ = {isa = PBXFileReference; lastKnownFileType = sourcecode.swift; path = MapReservationsService.swift; sourceTree = "<group>"; };
		CE497628258E75C700377726 /* AnyTransport.swift */ = {isa = PBXFileReference; lastKnownFileType = sourcecode.swift; path = AnyTransport.swift; sourceTree = "<group>"; };
		CE8E51AF258E2A1300CB6461 /* TestProject.app */ = {isa = PBXFileReference; explicitFileType = wrapper.application; includeInIndex = 0; path = TestProject.app; sourceTree = BUILT_PRODUCTS_DIR; };
		CE8E51B2258E2A1300CB6461 /* AppDelegate.swift */ = {isa = PBXFileReference; lastKnownFileType = sourcecode.swift; path = AppDelegate.swift; sourceTree = "<group>"; };
		CE8E51B6258E2A1300CB6461 /* ViewController.swift */ = {isa = PBXFileReference; lastKnownFileType = sourcecode.swift; path = ViewController.swift; sourceTree = "<group>"; };
		CE8E51B9258E2A1300CB6461 /* Base */ = {isa = PBXFileReference; lastKnownFileType = file.storyboard; name = Base; path = Base.lproj/Main.storyboard; sourceTree = "<group>"; };
		CE8E51BB258E2A1600CB6461 /* Assets.xcassets */ = {isa = PBXFileReference; lastKnownFileType = folder.assetcatalog; path = Assets.xcassets; sourceTree = "<group>"; };
		CE8E51BE258E2A1600CB6461 /* Base */ = {isa = PBXFileReference; lastKnownFileType = file.storyboard; name = Base; path = Base.lproj/LaunchScreen.storyboard; sourceTree = "<group>"; };
		CE8E51C0258E2A1600CB6461 /* Info.plist */ = {isa = PBXFileReference; lastKnownFileType = text.plist.xml; path = Info.plist; sourceTree = "<group>"; };
		CE8E51E3258E2F6B00CB6461 /* Coordinator.swift */ = {isa = PBXFileReference; lastKnownFileType = sourcecode.swift; path = Coordinator.swift; sourceTree = "<group>"; };
		CE8E51E7258E2F9600CB6461 /* AppCoordinator.swift */ = {isa = PBXFileReference; lastKnownFileType = sourcecode.swift; path = AppCoordinator.swift; sourceTree = "<group>"; };
		CE8E51F0258E314900CB6461 /* ReservationsListViewController.swift */ = {isa = PBXFileReference; lastKnownFileType = sourcecode.swift; path = ReservationsListViewController.swift; sourceTree = "<group>"; };
		CE8E51F3258E315C00CB6461 /* ReservationsListPresenter.swift */ = {isa = PBXFileReference; lastKnownFileType = sourcecode.swift; path = ReservationsListPresenter.swift; sourceTree = "<group>"; };
		CE8E51F6258E316A00CB6461 /* ReservationsListModel.swift */ = {isa = PBXFileReference; lastKnownFileType = sourcecode.swift; path = ReservationsListModel.swift; sourceTree = "<group>"; };
		CE8E51FB258E32DF00CB6461 /* ReservationsModuleFactory.swift */ = {isa = PBXFileReference; lastKnownFileType = sourcecode.swift; path = ReservationsModuleFactory.swift; sourceTree = "<group>"; };
		CE8E51FF258E32EC00CB6461 /* ReservationsModuleCoordinator.swift */ = {isa = PBXFileReference; lastKnownFileType = sourcecode.swift; path = ReservationsModuleCoordinator.swift; sourceTree = "<group>"; };
		CE8E5202258E341600CB6461 /* Reservations.storyboard */ = {isa = PBXFileReference; lastKnownFileType = file.storyboard; path = Reservations.storyboard; sourceTree = "<group>"; };
		CE8E520E258E3AF100CB6461 /* Ebike.swift */ = {isa = PBXFileReference; lastKnownFileType = sourcecode.swift; path = Ebike.swift; sourceTree = "<group>"; };
		CE8E5211258E3B3900CB6461 /* Shuttle.swift */ = {isa = PBXFileReference; lastKnownFileType = sourcecode.swift; path = Shuttle.swift; sourceTree = "<group>"; };
		CE8E5214258E3B7C00CB6461 /* PublicTransport.swift */ = {isa = PBXFileReference; lastKnownFileType = sourcecode.swift; path = PublicTransport.swift; sourceTree = "<group>"; };
		CE8E5217258E3BAC00CB6461 /* PublicTransportVehicle.swift */ = {isa = PBXFileReference; lastKnownFileType = sourcecode.swift; path = PublicTransportVehicle.swift; sourceTree = "<group>"; };
		CE8E521A258E3BB700CB6461 /* ShuttleVehicle.swift */ = {isa = PBXFileReference; lastKnownFileType = sourcecode.swift; path = ShuttleVehicle.swift; sourceTree = "<group>"; };
		CE8E521D258E3BC100CB6461 /* EbikeVehicle.swift */ = {isa = PBXFileReference; lastKnownFileType = sourcecode.swift; path = EbikeVehicle.swift; sourceTree = "<group>"; };
		CE8E522B258E3D8A00CB6461 /* ReservationProtocol.swift */ = {isa = PBXFileReference; lastKnownFileType = sourcecode.swift; path = ReservationProtocol.swift; sourceTree = "<group>"; };
		CE8E5230258E4D1300CB6461 /* reservations.json */ = {isa = PBXFileReference; fileEncoding = 4; lastKnownFileType = text.json; name = reservations.json; path = ../../../../../../../Downloads/reservations.json; sourceTree = "<group>"; };
/* End PBXFileReference section */

/* Begin PBXFrameworksBuildPhase section */
		CE8E51AC258E2A1300CB6461 /* Frameworks */ = {
			isa = PBXFrameworksBuildPhase;
			buildActionMask = 2147483647;
			files = (
			);
			runOnlyForDeploymentPostprocessing = 0;
		};
/* End PBXFrameworksBuildPhase section */

/* Begin PBXGroup section */
		CE497621258E718C00377726 /* Services */ = {
			isa = PBXGroup;
			children = (
				CE497622258E719B00377726 /* MapReservationsService */,
			);
			path = Services;
			sourceTree = "<group>";
		};
		CE497622258E719B00377726 /* MapReservationsService */ = {
			isa = PBXGroup;
			children = (
				CE497623258E71CA00377726 /* MapReservationsService.swift */,
			);
			path = MapReservationsService;
			sourceTree = "<group>";
		};
		CE497627258E75B500377726 /* AnyTransport */ = {
			isa = PBXGroup;
			children = (
				CE497628258E75C700377726 /* AnyTransport.swift */,
			);
			path = AnyTransport;
			sourceTree = "<group>";
		};
		CE8E51A6258E2A1300CB6461 = {
			isa = PBXGroup;
			children = (
				CE8E51B1258E2A1300CB6461 /* TestProject */,
				CE8E51B0258E2A1300CB6461 /* Products */,
			);
			sourceTree = "<group>";
		};
		CE8E51B0258E2A1300CB6461 /* Products */ = {
			isa = PBXGroup;
			children = (
				CE8E51AF258E2A1300CB6461 /* TestProject.app */,
			);
			name = Products;
			sourceTree = "<group>";
		};
		CE8E51B1258E2A1300CB6461 /* TestProject */ = {
			isa = PBXGroup;
			children = (
				CE497621258E718C00377726 /* Services */,
				CE8E5228258E3D6400CB6461 /* Helpers */,
				CE8E5206258E391B00CB6461 /* Entities */,
				CE8E51E2258E2F4700CB6461 /* Storyboards */,
				CE8E51E1258E2F3B00CB6461 /* Modules */,
				CE8E51DA258E2E4D00CB6461 /* Application */,
				CE8E51C0258E2A1600CB6461 /* Info.plist */,
				CE8E51B6258E2A1300CB6461 /* ViewController.swift */,
				CE8E51B8258E2A1300CB6461 /* Main.storyboard */,
				CE8E51BD258E2A1600CB6461 /* LaunchScreen.storyboard */,
			);
			path = TestProject;
			sourceTree = "<group>";
		};
		CE8E51DA258E2E4D00CB6461 /* Application */ = {
			isa = PBXGroup;
			children = (
				CE8E51B2258E2A1300CB6461 /* AppDelegate.swift */,
				CE8E51DE258E2EA000CB6461 /* Resources */,
				CE8E51DD258E2E9200CB6461 /* Router */,
				CE8E51DC258E2E8D00CB6461 /* Base */,
			);
			path = Application;
			sourceTree = "<group>";
		};
		CE8E51DC258E2E8D00CB6461 /* Base */ = {
			isa = PBXGroup;
			children = (
			);
			path = Base;
			sourceTree = "<group>";
		};
		CE8E51DD258E2E9200CB6461 /* Router */ = {
			isa = PBXGroup;
			children = (
				CE8E51E3258E2F6B00CB6461 /* Coordinator.swift */,
				CE8E51E7258E2F9600CB6461 /* AppCoordinator.swift */,
			);
			path = Router;
			sourceTree = "<group>";
		};
		CE8E51DE258E2EA000CB6461 /* Resources */ = {
			isa = PBXGroup;
			children = (
				CE8E522F258E4CEE00CB6461 /* ReservationsData */,
				CE8E51BB258E2A1600CB6461 /* Assets.xcassets */,
			);
			path = Resources;
			sourceTree = "<group>";
		};
		CE8E51E1258E2F3B00CB6461 /* Modules */ = {
			isa = PBXGroup;
			children = (
				CE8E51EA258E30CC00CB6461 /* ReservationsModule */,
			);
			path = Modules;
			sourceTree = "<group>";
		};
		CE8E51E2258E2F4700CB6461 /* Storyboards */ = {
			isa = PBXGroup;
			children = (
				CE8E5202258E341600CB6461 /* Reservations.storyboard */,
			);
			path = Storyboards;
			sourceTree = "<group>";
		};
		CE8E51EA258E30CC00CB6461 /* ReservationsModule */ = {
			isa = PBXGroup;
			children = (
				CE8E51EB258E30E000CB6461 /* ReservationsModuleFactory */,
				CE8E51EC258E30EE00CB6461 /* ReservationsListScene */,
			);
			path = ReservationsModule;
			sourceTree = "<group>";
		};
		CE8E51EB258E30E000CB6461 /* ReservationsModuleFactory */ = {
			isa = PBXGroup;
			children = (
				CE8E51FA258E32C400CB6461 /* Factory */,
				CE8E51F9258E32BD00CB6461 /* Coordinator */,
			);
			path = ReservationsModuleFactory;
			sourceTree = "<group>";
		};
		CE8E51EC258E30EE00CB6461 /* ReservationsListScene */ = {
			isa = PBXGroup;
			children = (
				CE8E51EF258E310800CB6461 /* View */,
				CE8E51EE258E310100CB6461 /* Presenter */,
				CE8E51ED258E30FD00CB6461 /* Model */,
			);
			path = ReservationsListScene;
			sourceTree = "<group>";
		};
		CE8E51ED258E30FD00CB6461 /* Model */ = {
			isa = PBXGroup;
			children = (
				CE8E51F6258E316A00CB6461 /* ReservationsListModel.swift */,
			);
			path = Model;
			sourceTree = "<group>";
		};
		CE8E51EE258E310100CB6461 /* Presenter */ = {
			isa = PBXGroup;
			children = (
				CE8E51F3258E315C00CB6461 /* ReservationsListPresenter.swift */,
			);
			path = Presenter;
			sourceTree = "<group>";
		};
		CE8E51EF258E310800CB6461 /* View */ = {
			isa = PBXGroup;
			children = (
				CE8E51F0258E314900CB6461 /* ReservationsListViewController.swift */,
			);
			path = View;
			sourceTree = "<group>";
		};
		CE8E51F9258E32BD00CB6461 /* Coordinator */ = {
			isa = PBXGroup;
			children = (
				CE8E51FF258E32EC00CB6461 /* ReservationsModuleCoordinator.swift */,
			);
			path = Coordinator;
			sourceTree = "<group>";
		};
		CE8E51FA258E32C400CB6461 /* Factory */ = {
			isa = PBXGroup;
			children = (
				CE8E51FB258E32DF00CB6461 /* ReservationsModuleFactory.swift */,
			);
			path = Factory;
			sourceTree = "<group>";
		};
		CE8E5206258E391B00CB6461 /* Entities */ = {
			isa = PBXGroup;
			children = (
				CE497627258E75B500377726 /* AnyTransport */,
				CE8E520A258E39DF00CB6461 /* Vehicle */,
				CE8E5209258E398900CB6461 /* PublicTransport */,
				CE8E5208258E397600CB6461 /* Shuttle */,
				CE8E5207258E395A00CB6461 /* Ebike */,
			);
			path = Entities;
			sourceTree = "<group>";
		};
		CE8E5207258E395A00CB6461 /* Ebike */ = {
			isa = PBXGroup;
			children = (
				CE8E520E258E3AF100CB6461 /* Ebike.swift */,
			);
			path = Ebike;
			sourceTree = "<group>";
		};
		CE8E5208258E397600CB6461 /* Shuttle */ = {
			isa = PBXGroup;
			children = (
				CE8E5211258E3B3900CB6461 /* Shuttle.swift */,
			);
			path = Shuttle;
			sourceTree = "<group>";
		};
		CE8E5209258E398900CB6461 /* PublicTransport */ = {
			isa = PBXGroup;
			children = (
				CE8E5214258E3B7C00CB6461 /* PublicTransport.swift */,
			);
			path = PublicTransport;
			sourceTree = "<group>";
		};
		CE8E520A258E39DF00CB6461 /* Vehicle */ = {
			isa = PBXGroup;
			children = (
				CE8E520D258E3A1B00CB6461 /* PublicTransportVehicle */,
				CE8E520C258E3A0F00CB6461 /* ShuttleVehicle */,
				CE8E520B258E3A0100CB6461 /* EbikeVehicle */,
			);
			path = Vehicle;
			sourceTree = "<group>";
		};
		CE8E520B258E3A0100CB6461 /* EbikeVehicle */ = {
			isa = PBXGroup;
			children = (
				CE8E521D258E3BC100CB6461 /* EbikeVehicle.swift */,
			);
			path = EbikeVehicle;
			sourceTree = "<group>";
		};
		CE8E520C258E3A0F00CB6461 /* ShuttleVehicle */ = {
			isa = PBXGroup;
			children = (
				CE8E521A258E3BB700CB6461 /* ShuttleVehicle.swift */,
			);
			path = ShuttleVehicle;
			sourceTree = "<group>";
		};
		CE8E520D258E3A1B00CB6461 /* PublicTransportVehicle */ = {
			isa = PBXGroup;
			children = (
				CE8E5217258E3BAC00CB6461 /* PublicTransportVehicle.swift */,
			);
			path = PublicTransportVehicle;
			sourceTree = "<group>";
		};
		CE8E5228258E3D6400CB6461 /* Helpers */ = {
			isa = PBXGroup;
			children = (
				CE8E5229258E3D6900CB6461 /* Protocols */,
			);
			path = Helpers;
			sourceTree = "<group>";
		};
		CE8E5229258E3D6900CB6461 /* Protocols */ = {
			isa = PBXGroup;
			children = (
				CE8E522A258E3D7100CB6461 /* ReservationProtocol */,
			);
			path = Protocols;
			sourceTree = "<group>";
		};
		CE8E522A258E3D7100CB6461 /* ReservationProtocol */ = {
			isa = PBXGroup;
			children = (
				CE8E522B258E3D8A00CB6461 /* ReservationProtocol.swift */,
			);
			path = ReservationProtocol;
			sourceTree = "<group>";
		};
		CE8E522F258E4CEE00CB6461 /* ReservationsData */ = {
			isa = PBXGroup;
			children = (
				CE8E5230258E4D1300CB6461 /* reservations.json */,
			);
			path = ReservationsData;
			sourceTree = "<group>";
		};
/* End PBXGroup section */

/* Begin PBXNativeTarget section */
		CE8E51AE258E2A1300CB6461 /* TestProject */ = {
			isa = PBXNativeTarget;
			buildConfigurationList = CE8E51C3258E2A1600CB6461 /* Build configuration list for PBXNativeTarget "TestProject" */;
			buildPhases = (
				CE8E51AB258E2A1300CB6461 /* Sources */,
				CE8E51AC258E2A1300CB6461 /* Frameworks */,
				CE8E51AD258E2A1300CB6461 /* Resources */,
			);
			buildRules = (
			);
			dependencies = (
			);
			name = TestProject;
			productName = TestProject;
			productReference = CE8E51AF258E2A1300CB6461 /* TestProject.app */;
			productType = "com.apple.product-type.application";
		};
/* End PBXNativeTarget section */

/* Begin PBXProject section */
		CE8E51A7258E2A1300CB6461 /* Project object */ = {
			isa = PBXProject;
			attributes = {
				LastSwiftUpdateCheck = 1220;
				LastUpgradeCheck = 1220;
				TargetAttributes = {
					CE8E51AE258E2A1300CB6461 = {
						CreatedOnToolsVersion = 12.2;
					};
				};
			};
			buildConfigurationList = CE8E51AA258E2A1300CB6461 /* Build configuration list for PBXProject "TestProject" */;
			compatibilityVersion = "Xcode 9.3";
			developmentRegion = en;
			hasScannedForEncodings = 0;
			knownRegions = (
				en,
				Base,
			);
			mainGroup = CE8E51A6258E2A1300CB6461;
			productRefGroup = CE8E51B0258E2A1300CB6461 /* Products */;
			projectDirPath = "";
			projectRoot = "";
			targets = (
				CE8E51AE258E2A1300CB6461 /* TestProject */,
			);
		};
/* End PBXProject section */

/* Begin PBXResourcesBuildPhase section */
		CE8E51AD258E2A1300CB6461 /* Resources */ = {
			isa = PBXResourcesBuildPhase;
			buildActionMask = 2147483647;
			files = (
				CE8E51BF258E2A1600CB6461 /* LaunchScreen.storyboard in Resources */,
				CE8E51BC258E2A1600CB6461 /* Assets.xcassets in Resources */,
				CE8E51BA258E2A1300CB6461 /* Main.storyboard in Resources */,
				CE8E5203258E341600CB6461 /* Reservations.storyboard in Resources */,
				CE8E5231258E4D1300CB6461 /* reservations.json in Resources */,
			);
			runOnlyForDeploymentPostprocessing = 0;
		};
/* End PBXResourcesBuildPhase section */

/* Begin PBXSourcesBuildPhase section */
		CE8E51AB258E2A1300CB6461 /* Sources */ = {
			isa = PBXSourcesBuildPhase;
			buildActionMask = 2147483647;
			files = (
				CE8E51F7258E316A00CB6461 /* ReservationsListModel.swift in Sources */,
				CE497624258E71CA00377726 /* MapReservationsService.swift in Sources */,
				CE8E51F1258E314900CB6461 /* ReservationsListViewController.swift in Sources */,
				CE8E5200258E32EC00CB6461 /* ReservationsModuleCoordinator.swift in Sources */,
				CE8E51F4258E315C00CB6461 /* ReservationsListPresenter.swift in Sources */,
				CE8E5215258E3B7C00CB6461 /* PublicTransport.swift in Sources */,
				CE8E51E8258E2F9600CB6461 /* AppCoordinator.swift in Sources */,
				CE8E51B7258E2A1300CB6461 /* ViewController.swift in Sources */,
				CE8E5212258E3B3900CB6461 /* Shuttle.swift in Sources */,
				CE8E521B258E3BB700CB6461 /* ShuttleVehicle.swift in Sources */,
				CE8E51FC258E32DF00CB6461 /* ReservationsModuleFactory.swift in Sources */,
				CE8E51B3258E2A1300CB6461 /* AppDelegate.swift in Sources */,
				CE497629258E75C700377726 /* AnyTransport.swift in Sources */,
				CE8E521E258E3BC100CB6461 /* EbikeVehicle.swift in Sources */,
				CE8E520F258E3AF100CB6461 /* Ebike.swift in Sources */,
				CE8E5218258E3BAC00CB6461 /* PublicTransportVehicle.swift in Sources */,
				CE8E51E4258E2F6B00CB6461 /* Coordinator.swift in Sources */,
				CE8E522C258E3D8A00CB6461 /* ReservationProtocol.swift in Sources */,
			);
			runOnlyForDeploymentPostprocessing = 0;
		};
/* End PBXSourcesBuildPhase section */

/* Begin PBXVariantGroup section */
		CE8E51B8258E2A1300CB6461 /* Main.storyboard */ = {
			isa = PBXVariantGroup;
			children = (
				CE8E51B9258E2A1300CB6461 /* Base */,
			);
			name = Main.storyboard;
			sourceTree = "<group>";
		};
		CE8E51BD258E2A1600CB6461 /* LaunchScreen.storyboard */ = {
			isa = PBXVariantGroup;
			children = (
				CE8E51BE258E2A1600CB6461 /* Base */,
			);
			name = LaunchScreen.storyboard;
			sourceTree = "<group>";
		};
/* End PBXVariantGroup section */

/* Begin XCBuildConfiguration section */
		CE8E51C1258E2A1600CB6461 /* Debug */ = {
			isa = XCBuildConfiguration;
			buildSettings = {
				ALWAYS_SEARCH_USER_PATHS = NO;
				CLANG_ANALYZER_NONNULL = YES;
				CLANG_ANALYZER_NUMBER_OBJECT_CONVERSION = YES_AGGRESSIVE;
				CLANG_CXX_LANGUAGE_STANDARD = "gnu++14";
				CLANG_CXX_LIBRARY = "libc++";
				CLANG_ENABLE_MODULES = YES;
				CLANG_ENABLE_OBJC_ARC = YES;
				CLANG_ENABLE_OBJC_WEAK = YES;
				CLANG_WARN_BLOCK_CAPTURE_AUTORELEASING = YES;
				CLANG_WARN_BOOL_CONVERSION = YES;
				CLANG_WARN_COMMA = YES;
				CLANG_WARN_CONSTANT_CONVERSION = YES;
				CLANG_WARN_DEPRECATED_OBJC_IMPLEMENTATIONS = YES;
				CLANG_WARN_DIRECT_OBJC_ISA_USAGE = YES_ERROR;
				CLANG_WARN_DOCUMENTATION_COMMENTS = YES;
				CLANG_WARN_EMPTY_BODY = YES;
				CLANG_WARN_ENUM_CONVERSION = YES;
				CLANG_WARN_INFINITE_RECURSION = YES;
				CLANG_WARN_INT_CONVERSION = YES;
				CLANG_WARN_NON_LITERAL_NULL_CONVERSION = YES;
				CLANG_WARN_OBJC_IMPLICIT_RETAIN_SELF = YES;
				CLANG_WARN_OBJC_LITERAL_CONVERSION = YES;
				CLANG_WARN_OBJC_ROOT_CLASS = YES_ERROR;
				CLANG_WARN_QUOTED_INCLUDE_IN_FRAMEWORK_HEADER = YES;
				CLANG_WARN_RANGE_LOOP_ANALYSIS = YES;
				CLANG_WARN_STRICT_PROTOTYPES = YES;
				CLANG_WARN_SUSPICIOUS_MOVE = YES;
				CLANG_WARN_UNGUARDED_AVAILABILITY = YES_AGGRESSIVE;
				CLANG_WARN_UNREACHABLE_CODE = YES;
				CLANG_WARN__DUPLICATE_METHOD_MATCH = YES;
				COPY_PHASE_STRIP = NO;
				DEBUG_INFORMATION_FORMAT = dwarf;
				ENABLE_STRICT_OBJC_MSGSEND = YES;
				ENABLE_TESTABILITY = YES;
				GCC_C_LANGUAGE_STANDARD = gnu11;
				GCC_DYNAMIC_NO_PIC = NO;
				GCC_NO_COMMON_BLOCKS = YES;
				GCC_OPTIMIZATION_LEVEL = 0;
				GCC_PREPROCESSOR_DEFINITIONS = (
					"DEBUG=1",
					"$(inherited)",
				);
				GCC_WARN_64_TO_32_BIT_CONVERSION = YES;
				GCC_WARN_ABOUT_RETURN_TYPE = YES_ERROR;
				GCC_WARN_UNDECLARED_SELECTOR = YES;
				GCC_WARN_UNINITIALIZED_AUTOS = YES_AGGRESSIVE;
				GCC_WARN_UNUSED_FUNCTION = YES;
				GCC_WARN_UNUSED_VARIABLE = YES;
				IPHONEOS_DEPLOYMENT_TARGET = 14.2;
				MTL_ENABLE_DEBUG_INFO = INCLUDE_SOURCE;
				MTL_FAST_MATH = YES;
				ONLY_ACTIVE_ARCH = YES;
				SDKROOT = iphoneos;
				SWIFT_ACTIVE_COMPILATION_CONDITIONS = DEBUG;
				SWIFT_OPTIMIZATION_LEVEL = "-Onone";
			};
			name = Debug;
		};
		CE8E51C2258E2A1600CB6461 /* Release */ = {
			isa = XCBuildConfiguration;
			buildSettings = {
				ALWAYS_SEARCH_USER_PATHS = NO;
				CLANG_ANALYZER_NONNULL = YES;
				CLANG_ANALYZER_NUMBER_OBJECT_CONVERSION = YES_AGGRESSIVE;
				CLANG_CXX_LANGUAGE_STANDARD = "gnu++14";
				CLANG_CXX_LIBRARY = "libc++";
				CLANG_ENABLE_MODULES = YES;
				CLANG_ENABLE_OBJC_ARC = YES;
				CLANG_ENABLE_OBJC_WEAK = YES;
				CLANG_WARN_BLOCK_CAPTURE_AUTORELEASING = YES;
				CLANG_WARN_BOOL_CONVERSION = YES;
				CLANG_WARN_COMMA = YES;
				CLANG_WARN_CONSTANT_CONVERSION = YES;
				CLANG_WARN_DEPRECATED_OBJC_IMPLEMENTATIONS = YES;
				CLANG_WARN_DIRECT_OBJC_ISA_USAGE = YES_ERROR;
				CLANG_WARN_DOCUMENTATION_COMMENTS = YES;
				CLANG_WARN_EMPTY_BODY = YES;
				CLANG_WARN_ENUM_CONVERSION = YES;
				CLANG_WARN_INFINITE_RECURSION = YES;
				CLANG_WARN_INT_CONVERSION = YES;
				CLANG_WARN_NON_LITERAL_NULL_CONVERSION = YES;
				CLANG_WARN_OBJC_IMPLICIT_RETAIN_SELF = YES;
				CLANG_WARN_OBJC_LITERAL_CONVERSION = YES;
				CLANG_WARN_OBJC_ROOT_CLASS = YES_ERROR;
				CLANG_WARN_QUOTED_INCLUDE_IN_FRAMEWORK_HEADER = YES;
				CLANG_WARN_RANGE_LOOP_ANALYSIS = YES;
				CLANG_WARN_STRICT_PROTOTYPES = YES;
				CLANG_WARN_SUSPICIOUS_MOVE = YES;
				CLANG_WARN_UNGUARDED_AVAILABILITY = YES_AGGRESSIVE;
				CLANG_WARN_UNREACHABLE_CODE = YES;
				CLANG_WARN__DUPLICATE_METHOD_MATCH = YES;
				COPY_PHASE_STRIP = NO;
				DEBUG_INFORMATION_FORMAT = "dwarf-with-dsym";
				ENABLE_NS_ASSERTIONS = NO;
				ENABLE_STRICT_OBJC_MSGSEND = YES;
				GCC_C_LANGUAGE_STANDARD = gnu11;
				GCC_NO_COMMON_BLOCKS = YES;
				GCC_WARN_64_TO_32_BIT_CONVERSION = YES;
				GCC_WARN_ABOUT_RETURN_TYPE = YES_ERROR;
				GCC_WARN_UNDECLARED_SELECTOR = YES;
				GCC_WARN_UNINITIALIZED_AUTOS = YES_AGGRESSIVE;
				GCC_WARN_UNUSED_FUNCTION = YES;
				GCC_WARN_UNUSED_VARIABLE = YES;
				IPHONEOS_DEPLOYMENT_TARGET = 14.2;
				MTL_ENABLE_DEBUG_INFO = NO;
				MTL_FAST_MATH = YES;
				SDKROOT = iphoneos;
				SWIFT_COMPILATION_MODE = wholemodule;
				SWIFT_OPTIMIZATION_LEVEL = "-O";
				VALIDATE_PRODUCT = YES;
			};
			name = Release;
		};
		CE8E51C4258E2A1600CB6461 /* Debug */ = {
			isa = XCBuildConfiguration;
			buildSettings = {
				ASSETCATALOG_COMPILER_APPICON_NAME = AppIcon;
				ASSETCATALOG_COMPILER_GLOBAL_ACCENT_COLOR_NAME = AccentColor;
				CODE_SIGN_STYLE = Automatic;
				DEVELOPMENT_TEAM = L3QAWRZFYR;
				INFOPLIST_FILE = TestProject/Info.plist;
				IPHONEOS_DEPLOYMENT_TARGET = 14.0;
				LD_RUNPATH_SEARCH_PATHS = (
					"$(inherited)",
					"@executable_path/Frameworks",
				);
				PRODUCT_BUNDLE_IDENTIFIER = CHISW.TestProject;
				PRODUCT_NAME = "$(TARGET_NAME)";
				SWIFT_VERSION = 5.0;
				TARGETED_DEVICE_FAMILY = "1,2";
			};
			name = Debug;
		};
		CE8E51C5258E2A1600CB6461 /* Release */ = {
			isa = XCBuildConfiguration;
			buildSettings = {
				ASSETCATALOG_COMPILER_APPICON_NAME = AppIcon;
				ASSETCATALOG_COMPILER_GLOBAL_ACCENT_COLOR_NAME = AccentColor;
				CODE_SIGN_STYLE = Automatic;
				DEVELOPMENT_TEAM = L3QAWRZFYR;
				INFOPLIST_FILE = TestProject/Info.plist;
				IPHONEOS_DEPLOYMENT_TARGET = 14.0;
				LD_RUNPATH_SEARCH_PATHS = (
					"$(inherited)",
					"@executable_path/Frameworks",
				);
				PRODUCT_BUNDLE_IDENTIFIER = CHISW.TestProject;
				PRODUCT_NAME = "$(TARGET_NAME)";
				SWIFT_VERSION = 5.0;
				TARGETED_DEVICE_FAMILY = "1,2";
			};
			name = Release;
		};
/* End XCBuildConfiguration section */

/* Begin XCConfigurationList section */
		CE8E51AA258E2A1300CB6461 /* Build configuration list for PBXProject "TestProject" */ = {
			isa = XCConfigurationList;
			buildConfigurations = (
				CE8E51C1258E2A1600CB6461 /* Debug */,
				CE8E51C2258E2A1600CB6461 /* Release */,
			);
			defaultConfigurationIsVisible = 0;
			defaultConfigurationName = Release;
		};
		CE8E51C3258E2A1600CB6461 /* Build configuration list for PBXNativeTarget "TestProject" */ = {
			isa = XCConfigurationList;
			buildConfigurations = (
				CE8E51C4258E2A1600CB6461 /* Debug */,
				CE8E51C5258E2A1600CB6461 /* Release */,
			);
			defaultConfigurationIsVisible = 0;
			defaultConfigurationName = Release;
		};
/* End XCConfigurationList section */
	};
	rootObject = CE8E51A7258E2A1300CB6461 /* Project object */;
}
